Microsoft Visual Studio Solution File, Format Version 12.00
# Visual Studio Version 17
VisualStudioVersion = 17.0.31903.59
MinimumVisualStudioVersion = 10.0.40219.1
Project("{9A19103F-16F7-4668-BE54-9A1E7A4F7556}") = "CustomerManager.WinForms", "CustomerManager.WinForms\CustomerManager.WinForms.csproj", "{1B2C3D4E-5F6G-7H8I-9J0K-1L2M3N4O5P6Q}"
EndProject
Project("{9A19103F-16F7-4668-BE54-9A1E7A4F7556}") = "CustomerManager.Core", "CustomerManager.Core\CustomerManager.Core.csproj", "{2C3D4E5F-6G7H-8I9J-0K1L-2M3N4O5P6Q7R}"
EndProject
Project("{9A19103F-16F7-4668-BE54-9A1E7A4F7556}") = "CustomerManager.Data", "CustomerManager.Data\CustomerManager.Data.csproj", "{3D4E5F6G-7H8I-9J0K-1L2M-3N4O5P6Q7R8S}"
EndProject
Project("{9A19103F-16F7-4668-BE54-9A1E7A4F7556}") = "CustomerManager.Tests", "CustomerManager.Tests\CustomerManager.Tests.csproj", "{4E5F6G7H-8I9J-0K1L-2M3N-4O5P6Q7R8S9T}"
EndProject
Project("{9A19103F-16F7-4668-BE54-9A1E7A4F7556}") = "CustomerManager.Console", "CustomerManager.Console\CustomerManager.Console.csproj", "{5F6G7H8I-9J0K-1L2M-3N4O-5P6Q7R8S9T0U}"
EndProject
Global
	GlobalSection(SolutionConfigurationPlatforms) = preSolution
		Debug|Any CPU = Debug|Any CPU
		Release|Any CPU = Release|Any CPU
	EndGlobalSection
	GlobalSection(ProjectConfigurationPlatforms) = postSolution
		{1B2C3D4E-5F6G-7H8I-9J0K-1L2M3N4O5P6Q}.Debug|Any CPU.ActiveCfg = Debug|Any CPU
		{1B2C3D4E-5F6G-7H8I-9J0K-1L2M3N4O5P6Q}.Debug|Any CPU.Build.0 = Debug|Any CPU
		{1B2C3D4E-5F6G-7H8I-9J0K-1L2M3N4O5P6Q}.Release|Any CPU.ActiveCfg = Release|Any CPU
		{1B2C3D4E-5F6G-7H8I-9J0K-1L2M3N4O5P6Q}.Release|Any CPU.Build.0 = Release|Any CPU
		{2C3D4E5F-6G7H-8I9J-0K1L-2M3N4O5P6Q7R}.Debug|Any CPU.ActiveCfg = Debug|Any CPU
		{2C3D4E5F-6G7H-8I9J-0K1L-2M3N4O5P6Q7R}.Debug|Any CPU.Build.0 = Debug|Any CPU
		{2C3D4E5F-6G7H-8I9J-0K1L-2M3N4O5P6Q7R}.Release|Any CPU.ActiveCfg = Release|Any CPU
		{2C3D4E5F-6G7H-8I9J-0K1L-2M3N4O5P6Q7R}.Release|Any CPU.Build.0 = Release|Any CPU
		{3D4E5F6G-7H8I-9J0K-1L2M-3N4O5P6Q7R8S}.Debug|Any CPU.ActiveCfg = Debug|Any CPU
		{3D4E5F6G-7H8I-9J0K-1L2M-3N4O5P6Q7R8S}.Debug|Any CPU.Build.0 = Debug|Any CPU
		{3D4E5F6G-7H8I-9J0K-1L2M-3N4O5P6Q7R8S}.Release|Any CPU.ActiveCfg = Release|Any CPU
		{3D4E5F6G-7H8I-9J0K-1L2M-3N4O5P6Q7R8S}.Release|Any CPU.Build.0 = Release|Any CPU
		{4E5F6G7H-8I9J-0K1L-2M3N-4O5P6Q7R8S9T}.Debug|Any CPU.ActiveCfg = Debug|Any CPU
		{4E5F6G7H-8I9J-0K1L-2M3N-4O5P6Q7R8S9T}.Debug|Any CPU.Build.0 = Debug|Any CPU
		{4E5F6G7H-8I9J-0K1L-2M3N-4O5P6Q7R8S9T}.Release|Any CPU.ActiveCfg = Release|Any CPU
		{4E5F6G7H-8I9J-0K1L-2M3N-4O5P6Q7R8S9T}.Release|Any CPU.Build.0 = Release|Any CPU
		{5F6G7H8I-9J0K-1L2M-3N4O-5P6Q7R8S9T0U}.Debug|Any CPU.ActiveCfg = Debug|Any CPU
		{5F6G7H8I-9J0K-1L2M-3N4O-5P6Q7R8S9T0U}.Debug|Any CPU.Build.0 = Debug|Any CPU
		{5F6G7H8I-9J0K-1L2M-3N4O-5P6Q7R8S9T0U}.Release|Any CPU.ActiveCfg = Release|Any CPU
		{5F6G7H8I-9J0K-1L2M-3N4O-5P6Q7R8S9T0U}.Release|Any CPU.Build.0 = Release|Any CPU
	EndGlobalSection
	GlobalSection(SolutionProperties) = preSolution
		HideSolutionNode = FALSE
	EndGlobalSection
EndGlobal